// !$*UTF8*$!
{
	archiveVersion = 1;
	classes = {
	};
	objectVersion = 60;
	objects = {

/* Begin PBXBuildFile section */
		833577682C346F4C0063F433 /* LibraryView.swift in Sources */ = {isa = PBXBuildFile; fileRef = 833577672C346F4C0063F433 /* LibraryView.swift */; };
		8335776B2C3480080063F433 /* Photos.png in Resources */ = {isa = PBXBuildFile; fileRef = 8335776A2C3480080063F433 /* Photos.png */; };
		8335776E2C3482460063F433 /* AccountView.swift in Sources */ = {isa = PBXBuildFile; fileRef = 8335776D2C3482460063F433 /* AccountView.swift */; };
		833577702C348E2E0063F433 /* CollectionsView.swift in Sources */ = {isa = PBXBuildFile; fileRef = 8335776F2C348E2E0063F433 /* CollectionsView.swift */; };
		833577722C34906E0063F433 /* SpatialView.swift in Sources */ = {isa = PBXBuildFile; fileRef = 833577712C34906E0063F433 /* SpatialView.swift */; };
		83D36E7E2C34693400629353 /* RealityKitContent in Frameworks */ = {isa = PBXBuildFile; productRef = 83D36E7D2C34693400629353 /* RealityKitContent */; };
		83D36E802C34693400629353 /* mobileslideshowApp.swift in Sources */ = {isa = PBXBuildFile; fileRef = 83D36E7F2C34693400629353 /* mobileslideshowApp.swift */; };
		83D36E822C34693400629353 /* ContentView.swift in Sources */ = {isa = PBXBuildFile; fileRef = 83D36E812C34693400629353 /* ContentView.swift */; };
		83D36E842C34693500629353 /* Assets.xcassets in Resources */ = {isa = PBXBuildFile; fileRef = 83D36E832C34693500629353 /* Assets.xcassets */; };
		83D36E872C34693500629353 /* Preview Assets.xcassets in Resources */ = {isa = PBXBuildFile; fileRef = 83D36E862C34693500629353 /* Preview Assets.xcassets */; };
/* End PBXBuildFile section */

/* Begin PBXFileReference section */
		833577652C346C890063F433 /* README.md */ = {isa = PBXFileReference; lastKnownFileType = net.daringfireball.markdown; path = README.md; sourceTree = "<group>"; };
		833577672C346F4C0063F433 /* LibraryView.swift */ = {isa = PBXFileReference; lastKnownFileType = sourcecode.swift; path = LibraryView.swift; sourceTree = "<group>"; };
		8335776A2C3480080063F433 /* Photos.png */ = {isa = PBXFileReference; lastKnownFileType = image.png; path = Photos.png; sourceTree = "<group>"; };
		8335776D2C3482460063F433 /* AccountView.swift */ = {isa = PBXFileReference; lastKnownFileType = sourcecode.swift; path = AccountView.swift; sourceTree = "<group>"; };
		8335776F2C348E2E0063F433 /* CollectionsView.swift */ = {isa = PBXFileReference; lastKnownFileType = sourcecode.swift; path = CollectionsView.swift; sourceTree = "<group>"; };
		833577712C34906E0063F433 /* SpatialView.swift */ = {isa = PBXFileReference; lastKnownFileType = sourcecode.swift; path = SpatialView.swift; sourceTree = "<group>"; };
		83D36E782C34693400629353 /* mobileslideshow.app */ = {isa = PBXFileReference; explicitFileType = wrapper.application; includeInIndex = 0; path = mobileslideshow.app; sourceTree = BUILT_PRODUCTS_DIR; };
		83D36E7C2C34693400629353 /* RealityKitContent */ = {isa = PBXFileReference; lastKnownFileType = wrapper; path = RealityKitContent; sourceTree = "<group>"; };
		83D36E7F2C34693400629353 /* mobileslideshowApp.swift */ = {isa = PBXFileReference; lastKnownFileType = sourcecode.swift; path = mobileslideshowApp.swift; sourceTree = "<group>"; };
		83D36E812C34693400629353 /* ContentView.swift */ = {isa = PBXFileReference; lastKnownFileType = sourcecode.swift; path = ContentView.swift; sourceTree = "<group>"; };
		83D36E832C34693500629353 /* Assets.xcassets */ = {isa = PBXFileReference; lastKnownFileType = folder.assetcatalog; path = Assets.xcassets; sourceTree = "<group>"; };
		83D36E862C34693500629353 /* Preview Assets.xcassets */ = {isa = PBXFileReference; lastKnownFileType = folder.assetcatalog; path = "Preview Assets.xcassets"; sourceTree = "<group>"; };
		83D36E882C34693500629353 /* Info.plist */ = {isa = PBXFileReference; lastKnownFileType = text.plist.xml; path = Info.plist; sourceTree = "<group>"; };
/* End PBXFileReference section */

/* Begin PBXFrameworksBuildPhase section */
		83D36E752C34693400629353 /* Frameworks */ = {
			isa = PBXFrameworksBuildPhase;
			buildActionMask = 2147483647;
			files = (
				83D36E7E2C34693400629353 /* RealityKitContent in Frameworks */,
			);
			runOnlyForDeploymentPostprocessing = 0;
		};
/* End PBXFrameworksBuildPhase section */

/* Begin PBXGroup section */
		833577662C346ED30063F433 /* Views */ = {
			isa = PBXGroup;
			children = (
				8335776C2C34823B0063F433 /* Shared */,
				833577672C346F4C0063F433 /* LibraryView.swift */,
				8335776F2C348E2E0063F433 /* CollectionsView.swift */,
				833577712C34906E0063F433 /* SpatialView.swift */,
			);
			path = Views;
			sourceTree = "<group>";
		};
		833577692C347FFD0063F433 /* Assets */ = {
			isa = PBXGroup;
			children = (
				8335776A2C3480080063F433 /* Photos.png */,
			);
			path = Assets;
			sourceTree = "<group>";
		};
		8335776C2C34823B0063F433 /* Shared */ = {
			isa = PBXGroup;
			children = (
				8335776D2C3482460063F433 /* AccountView.swift */,
			);
			path = Shared;
			sourceTree = "<group>";
		};
		83D36E6F2C34693400629353 = {
			isa = PBXGroup;
			children = (
				833577692C347FFD0063F433 /* Assets */,
				833577652C346C890063F433 /* README.md */,
				83D36E7A2C34693400629353 /* mobileslideshow */,
				83D36E7B2C34693400629353 /* Packages */,
				83D36E792C34693400629353 /* Products */,
			);
			sourceTree = "<group>";
		};
		83D36E792C34693400629353 /* Products */ = {
			isa = PBXGroup;
			children = (
				83D36E782C34693400629353 /* mobileslideshow.app */,
			);
			name = Products;
			sourceTree = "<group>";
		};
		83D36E7A2C34693400629353 /* mobileslideshow */ = {
			isa = PBXGroup;
			children = (
				833577662C346ED30063F433 /* Views */,
				83D36E7F2C34693400629353 /* mobileslideshowApp.swift */,
				83D36E812C34693400629353 /* ContentView.swift */,
				83D36E832C34693500629353 /* Assets.xcassets */,
				83D36E882C34693500629353 /* Info.plist */,
				83D36E852C34693500629353 /* Preview Content */,
			);
			path = mobileslideshow;
			sourceTree = "<group>";
		};
		83D36E7B2C34693400629353 /* Packages */ = {
			isa = PBXGroup;
			children = (
				83D36E7C2C34693400629353 /* RealityKitContent */,
			);
			path = Packages;
			sourceTree = "<group>";
		};
		83D36E852C34693500629353 /* Preview Content */ = {
			isa = PBXGroup;
			children = (
				83D36E862C34693500629353 /* Preview Assets.xcassets */,
			);
			path = "Preview Content";
			sourceTree = "<group>";
		};
/* End PBXGroup section */

/* Begin PBXNativeTarget section */
		83D36E772C34693400629353 /* mobileslideshow */ = {
			isa = PBXNativeTarget;
			buildConfigurationList = 83D36E8B2C34693500629353 /* Build configuration list for PBXNativeTarget "mobileslideshow" */;
			buildPhases = (
				83D36E742C34693400629353 /* Sources */,
				83D36E752C34693400629353 /* Frameworks */,
				83D36E762C34693400629353 /* Resources */,
			);
			buildRules = (
			);
			dependencies = (
			);
			name = mobileslideshow;
			packageProductDependencies = (
				83D36E7D2C34693400629353 /* RealityKitContent */,
			);
			productName = mobileslideshow;
			productReference = 83D36E782C34693400629353 /* mobileslideshow.app */;
			productType = "com.apple.product-type.application";
		};
/* End PBXNativeTarget section */

/* Begin PBXProject section */
		83D36E702C34693400629353 /* Project object */ = {
			isa = PBXProject;
			attributes = {
				BuildIndependentTargetsInParallel = 1;
				LastSwiftUpdateCheck = 1600;
				LastUpgradeCheck = 1600;
				TargetAttributes = {
					83D36E772C34693400629353 = {
						CreatedOnToolsVersion = 16.0;
					};
				};
			};
			buildConfigurationList = 83D36E732C34693400629353 /* Build configuration list for PBXProject "mobileslideshow" */;
			compatibilityVersion = "Xcode 15.0";
			developmentRegion = en;
			hasScannedForEncodings = 0;
			knownRegions = (
				en,
				Base,
			);
			mainGroup = 83D36E6F2C34693400629353;
			productRefGroup = 83D36E792C34693400629353 /* Products */;
			projectDirPath = "";
			projectRoot = "";
			targets = (
				83D36E772C34693400629353 /* mobileslideshow */,
			);
		};
/* End PBXProject section */

/* Begin PBXResourcesBuildPhase section */
		83D36E762C34693400629353 /* Resources */ = {
			isa = PBXResourcesBuildPhase;
			buildActionMask = 2147483647;
			files = (
				83D36E872C34693500629353 /* Preview Assets.xcassets in Resources */,
				8335776B2C3480080063F433 /* Photos.png in Resources */,
				83D36E842C34693500629353 /* Assets.xcassets in Resources */,
			);
			runOnlyForDeploymentPostprocessing = 0;
		};
/* End PBXResourcesBuildPhase section */

/* Begin PBXSourcesBuildPhase section */
		83D36E742C34693400629353 /* Sources */ = {
			isa = PBXSourcesBuildPhase;
			buildActionMask = 2147483647;
			files = (
				8335776E2C3482460063F433 /* AccountView.swift in Sources */,
				83D36E822C34693400629353 /* ContentView.swift in Sources */,
				833577702C348E2E0063F433 /* CollectionsView.swift in Sources */,
				833577722C34906E0063F433 /* SpatialView.swift in Sources */,
				833577682C346F4C0063F433 /* LibraryView.swift in Sources */,
				83D36E802C34693400629353 /* mobileslideshowApp.swift in Sources */,
			);
			runOnlyForDeploymentPostprocessing = 0;
		};
/* End PBXSourcesBuildPhase section */

/* Begin XCBuildConfiguration section */
		83D36E892C34693500629353 /* Debug */ = {
			isa = XCBuildConfiguration;
			buildSettings = {
				ALWAYS_SEARCH_USER_PATHS = NO;
				ASSETCATALOG_COMPILER_GENERATE_SWIFT_ASSET_SYMBOL_EXTENSIONS = YES;
				CLANG_ANALYZER_NONNULL = YES;
				CLANG_ANALYZER_NUMBER_OBJECT_CONVERSION = YES_AGGRESSIVE;
				CLANG_CXX_LANGUAGE_STANDARD = "gnu++20";
				CLANG_ENABLE_MODULES = YES;
				CLANG_ENABLE_OBJC_ARC = YES;
				CLANG_ENABLE_OBJC_WEAK = YES;
				CLANG_WARN_BLOCK_CAPTURE_AUTORELEASING = YES;
				CLANG_WARN_BOOL_CONVERSION = YES;
				CLANG_WARN_COMMA = YES;
				CLANG_WARN_CONSTANT_CONVERSION = YES;
				CLANG_WARN_DEPRECATED_OBJC_IMPLEMENTATIONS = YES;
				CLANG_WARN_DIRECT_OBJC_ISA_USAGE = YES_ERROR;
				CLANG_WARN_DOCUMENTATION_COMMENTS = YES;
				CLANG_WARN_EMPTY_BODY = YES;
				CLANG_WARN_ENUM_CONVERSION = YES;
				CLANG_WARN_INFINITE_RECURSION = YES;
				CLANG_WARN_INT_CONVERSION = YES;
				CLANG_WARN_NON_LITERAL_NULL_CONVERSION = YES;
				CLANG_WARN_OBJC_IMPLICIT_RETAIN_SELF = YES;
				CLANG_WARN_OBJC_LITERAL_CONVERSION = YES;
				CLANG_WARN_OBJC_ROOT_CLASS = YES_ERROR;
				CLANG_WARN_QUOTED_INCLUDE_IN_FRAMEWORK_HEADER = YES;
				CLANG_WARN_RANGE_LOOP_ANALYSIS = YES;
				CLANG_WARN_STRICT_PROTOTYPES = YES;
				CLANG_WARN_SUSPICIOUS_MOVE = YES;
				CLANG_WARN_UNGUARDED_AVAILABILITY = YES_AGGRESSIVE;
				CLANG_WARN_UNREACHABLE_CODE = YES;
				CLANG_WARN__DUPLICATE_METHOD_MATCH = YES;
				COPY_PHASE_STRIP = NO;
				DEBUG_INFORMATION_FORMAT = dwarf;
				ENABLE_STRICT_OBJC_MSGSEND = YES;
				ENABLE_TESTABILITY = YES;
				ENABLE_USER_SCRIPT_SANDBOXING = YES;
				GCC_C_LANGUAGE_STANDARD = gnu17;
				GCC_DYNAMIC_NO_PIC = NO;
				GCC_NO_COMMON_BLOCKS = YES;
				GCC_OPTIMIZATION_LEVEL = 0;
				GCC_PREPROCESSOR_DEFINITIONS = (
					"DEBUG=1",
					"$(inherited)",
				);
				GCC_WARN_64_TO_32_BIT_CONVERSION = YES;
				GCC_WARN_ABOUT_RETURN_TYPE = YES_ERROR;
				GCC_WARN_UNDECLARED_SELECTOR = YES;
				GCC_WARN_UNINITIALIZED_AUTOS = YES_AGGRESSIVE;
				GCC_WARN_UNUSED_FUNCTION = YES;
				GCC_WARN_UNUSED_VARIABLE = YES;
				LOCALIZATION_PREFERS_STRING_CATALOGS = YES;
				MTL_ENABLE_DEBUG_INFO = INCLUDE_SOURCE;
				MTL_FAST_MATH = YES;
				ONLY_ACTIVE_ARCH = YES;
				SDKROOT = xros;
				SWIFT_ACTIVE_COMPILATION_CONDITIONS = "DEBUG $(inherited)";
				SWIFT_OPTIMIZATION_LEVEL = "-Onone";
				XROS_DEPLOYMENT_TARGET = 2.0;
			};
			name = Debug;
		};
		83D36E8A2C34693500629353 /* Release */ = {
			isa = XCBuildConfiguration;
			buildSettings = {
				ALWAYS_SEARCH_USER_PATHS = NO;
				ASSETCATALOG_COMPILER_GENERATE_SWIFT_ASSET_SYMBOL_EXTENSIONS = YES;
				CLANG_ANALYZER_NONNULL = YES;
				CLANG_ANALYZER_NUMBER_OBJECT_CONVERSION = YES_AGGRESSIVE;
				CLANG_CXX_LANGUAGE_STANDARD = "gnu++20";
				CLANG_ENABLE_MODULES = YES;
				CLANG_ENABLE_OBJC_ARC = YES;
				CLANG_ENABLE_OBJC_WEAK = YES;
				CLANG_WARN_BLOCK_CAPTURE_AUTORELEASING = YES;
				CLANG_WARN_BOOL_CONVERSION = YES;
				CLANG_WARN_COMMA = YES;
				CLANG_WARN_CONSTANT_CONVERSION = YES;
				CLANG_WARN_DEPRECATED_OBJC_IMPLEMENTATIONS = YES;
				CLANG_WARN_DIRECT_OBJC_ISA_USAGE = YES_ERROR;
				CLANG_WARN_DOCUMENTATION_COMMENTS = YES;
				CLANG_WARN_EMPTY_BODY = YES;
				CLANG_WARN_ENUM_CONVERSION = YES;
				CLANG_WARN_INFINITE_RECURSION = YES;
				CLANG_WARN_INT_CONVERSION = YES;
				CLANG_WARN_NON_LITERAL_NULL_CONVERSION = YES;
				CLANG_WARN_OBJC_IMPLICIT_RETAIN_SELF = YES;
				CLANG_WARN_OBJC_LITERAL_CONVERSION = YES;
				CLANG_WARN_OBJC_ROOT_CLASS = YES_ERROR;
				CLANG_WARN_QUOTED_INCLUDE_IN_FRAMEWORK_HEADER = YES;
				CLANG_WARN_RANGE_LOOP_ANALYSIS = YES;
				CLANG_WARN_STRICT_PROTOTYPES = YES;
				CLANG_WARN_SUSPICIOUS_MOVE = YES;
				CLANG_WARN_UNGUARDED_AVAILABILITY = YES_AGGRESSIVE;
				CLANG_WARN_UNREACHABLE_CODE = YES;
				CLANG_WARN__DUPLICATE_METHOD_MATCH = YES;
				COPY_PHASE_STRIP = NO;
				DEBUG_INFORMATION_FORMAT = "dwarf-with-dsym";
				ENABLE_NS_ASSERTIONS = NO;
				ENABLE_STRICT_OBJC_MSGSEND = YES;
				ENABLE_USER_SCRIPT_SANDBOXING = YES;
				GCC_C_LANGUAGE_STANDARD = gnu17;
				GCC_NO_COMMON_BLOCKS = YES;
				GCC_WARN_64_TO_32_BIT_CONVERSION = YES;
				GCC_WARN_ABOUT_RETURN_TYPE = YES_ERROR;
				GCC_WARN_UNDECLARED_SELECTOR = YES;
				GCC_WARN_UNINITIALIZED_AUTOS = YES_AGGRESSIVE;
				GCC_WARN_UNUSED_FUNCTION = YES;
				GCC_WARN_UNUSED_VARIABLE = YES;
				LOCALIZATION_PREFERS_STRING_CATALOGS = YES;
				MTL_ENABLE_DEBUG_INFO = NO;
				MTL_FAST_MATH = YES;
				SDKROOT = xros;
				SWIFT_COMPILATION_MODE = wholemodule;
				VALIDATE_PRODUCT = YES;
				XROS_DEPLOYMENT_TARGET = 2.0;
			};
			name = Release;
		};
		83D36E8C2C34693500629353 /* Debug */ = {
			isa = XCBuildConfiguration;
			buildSettings = {
				ASSETCATALOG_COMPILER_APPICON_NAME = AppIcon;
				ASSETCATALOG_COMPILER_GLOBAL_ACCENT_COLOR_NAME = AccentColor;
				CODE_SIGN_STYLE = Automatic;
				CURRENT_PROJECT_VERSION = 1;
				DEVELOPMENT_ASSET_PATHS = "\"mobileslideshow/Preview Content\"";
				ENABLE_PREVIEWS = YES;
				GENERATE_INFOPLIST_FILE = YES;
				INFOPLIST_FILE = "$(TARGET_NAME)/Info.plist";
				INFOPLIST_KEY_CFBundleDisplayName = Photos;
				LD_RUNPATH_SEARCH_PATHS = (
					"$(inherited)",
					"@executable_path/Frameworks",
				);
				MARKETING_VERSION = 1.0;
				PRODUCT_BUNDLE_IDENTIFIER = com.example.mobileslideshow;
				PRODUCT_NAME = "$(TARGET_NAME)";
				SUPPORTED_PLATFORMS = "xros xrsimulator";
				SWIFT_EMIT_LOC_STRINGS = YES;
				SWIFT_VERSION = 5.0;
				TARGETED_DEVICE_FAMILY = 7;
			};
			name = Debug;
		};
		83D36E8D2C34693500629353 /* Release */ = {
			isa = XCBuildConfiguration;
			buildSettings = {
				ASSETCATALOG_COMPILER_APPICON_NAME = AppIcon;
				ASSETCATALOG_COMPILER_GLOBAL_ACCENT_COLOR_NAME = AccentColor;
				CODE_SIGN_STYLE = Automatic;
				CURRENT_PROJECT_VERSION = 1;
				DEVELOPMENT_ASSET_PATHS = "\"mobileslideshow/Preview Content\"";
				ENABLE_PREVIEWS = YES;
				GENERATE_INFOPLIST_FILE = YES;
				INFOPLIST_FILE = "$(TARGET_NAME)/Info.plist";
				INFOPLIST_KEY_CFBundleDisplayName = Photos;
				LD_RUNPATH_SEARCH_PATHS = (
					"$(inherited)",
					"@executable_path/Frameworks",
				);
				MARKETING_VERSION = 1.0;
				PRODUCT_BUNDLE_IDENTIFIER = com.example.mobileslideshow;
				PRODUCT_NAME = "$(TARGET_NAME)";
				SUPPORTED_PLATFORMS = "xros xrsimulator";
				SWIFT_EMIT_LOC_STRINGS = YES;
				SWIFT_VERSION = 5.0;
				TARGETED_DEVICE_FAMILY = 7;
			};
			name = Release;
		};
/* End XCBuildConfiguration section */

/* Begin XCConfigurationList section */
		83D36E732C34693400629353 /* Build configuration list for PBXProject "mobileslideshow" */ = {
			isa = XCConfigurationList;
			buildConfigurations = (
				83D36E892C34693500629353 /* Debug */,
				83D36E8A2C34693500629353 /* Release */,
			);
			defaultConfigurationIsVisible = 0;
			defaultConfigurationName = Release;
		};
		83D36E8B2C34693500629353 /* Build configuration list for PBXNativeTarget "mobileslideshow" */ = {
			isa = XCConfigurationList;
			buildConfigurations = (
				83D36E8C2C34693500629353 /* Debug */,
				83D36E8D2C34693500629353 /* Release */,
			);
			defaultConfigurationIsVisible = 0;
			defaultConfigurationName = Release;
		};
/* End XCConfigurationList section */

/* Begin XCSwiftPackageProductDependency section */
		83D36E7D2C34693400629353 /* RealityKitContent */ = {
			isa = XCSwiftPackageProductDependency;
			productName = RealityKitContent;
		};
/* End XCSwiftPackageProductDependency section */
	};
	rootObject = 83D36E702C34693400629353 /* Project object */;
}
